// !$*UTF8*$!
{
	archiveVersion = 1;
	classes = {
	};
	objectVersion = 50;
	objects = {

/* Begin PBXBuildFile section */
		1EEAD26224DE910A00C24E39 /* AppDelegate.m in Sources */ = {isa = PBXBuildFile; fileRef = 1EEAD26124DE910A00C24E39 /* AppDelegate.m */; };
		1EEAD26524DE910A00C24E39 /* SceneDelegate.m in Sources */ = {isa = PBXBuildFile; fileRef = 1EEAD26424DE910A00C24E39 /* SceneDelegate.m */; };
		1EEAD26824DE910A00C24E39 /* ViewController.m in Sources */ = {isa = PBXBuildFile; fileRef = 1EEAD26724DE910A00C24E39 /* ViewController.m */; };
		1EEAD26B24DE910A00C24E39 /* Main.storyboard in Resources */ = {isa = PBXBuildFile; fileRef = 1EEAD26924DE910A00C24E39 /* Main.storyboard */; };
		1EEAD26D24DE910C00C24E39 /* Assets.xcassets in Resources */ = {isa = PBXBuildFile; fileRef = 1EEAD26C24DE910C00C24E39 /* Assets.xcassets */; };
		1EEAD27024DE910C00C24E39 /* LaunchScreen.storyboard in Resources */ = {isa = PBXBuildFile; fileRef = 1EEAD26E24DE910C00C24E39 /* LaunchScreen.storyboard */; };
		1EEAD27324DE910C00C24E39 /* main.m in Sources */ = {isa = PBXBuildFile; fileRef = 1EEAD27224DE910C00C24E39 /* main.m */; };
		1EEAD29F24DE913200C24E39 /* SplitScreen_6.fsh in Resources */ = {isa = PBXBuildFile; fileRef = 1EEAD28E24DE913200C24E39 /* SplitScreen_6.fsh */; };
		1EEAD2A024DE913200C24E39 /* SplitScreen_6.vsh in Resources */ = {isa = PBXBuildFile; fileRef = 1EEAD28F24DE913200C24E39 /* SplitScreen_6.vsh */; };
		1EEAD2A124DE913200C24E39 /* SplitScreen_9.vsh in Resources */ = {isa = PBXBuildFile; fileRef = 1EEAD29124DE913200C24E39 /* SplitScreen_9.vsh */; };
		1EEAD2A224DE913200C24E39 /* SplitScreen_9.fsh in Resources */ = {isa = PBXBuildFile; fileRef = 1EEAD29224DE913200C24E39 /* SplitScreen_9.fsh */; };
		1EEAD2A324DE913200C24E39 /* SplitScreen_2.fsh in Resources */ = {isa = PBXBuildFile; fileRef = 1EEAD29424DE913200C24E39 /* SplitScreen_2.fsh */; };
		1EEAD2A424DE913200C24E39 /* SplitScreen_2.vsh in Resources */ = {isa = PBXBuildFile; fileRef = 1EEAD29524DE913200C24E39 /* SplitScreen_2.vsh */; };
		1EEAD2A524DE913200C24E39 /* Normal.fsh in Resources */ = {isa = PBXBuildFile; fileRef = 1EEAD29724DE913200C24E39 /* Normal.fsh */; };
		1EEAD2A624DE913200C24E39 /* Normal.vsh in Resources */ = {isa = PBXBuildFile; fileRef = 1EEAD29824DE913200C24E39 /* Normal.vsh */; };
		1EEAD2A724DE913200C24E39 /* SplitScreen_4.fsh in Resources */ = {isa = PBXBuildFile; fileRef = 1EEAD29A24DE913200C24E39 /* SplitScreen_4.fsh */; };
		1EEAD2A824DE913200C24E39 /* SplitScreen_4.vsh in Resources */ = {isa = PBXBuildFile; fileRef = 1EEAD29B24DE913200C24E39 /* SplitScreen_4.vsh */; };
		1EEAD2A924DE913200C24E39 /* SplitScreen_3.fsh in Resources */ = {isa = PBXBuildFile; fileRef = 1EEAD29D24DE913200C24E39 /* SplitScreen_3.fsh */; };
		1EEAD2AA24DE913200C24E39 /* SplitScreen_3.vsh in Resources */ = {isa = PBXBuildFile; fileRef = 1EEAD29E24DE913200C24E39 /* SplitScreen_3.vsh */; };
		1EEAD2B024DE914A00C24E39 /* FilterBarCell.m in Sources */ = {isa = PBXBuildFile; fileRef = 1EEAD2AC24DE914A00C24E39 /* FilterBarCell.m */; };
		1EEAD2B124DE914A00C24E39 /* FilterBar.m in Sources */ = {isa = PBXBuildFile; fileRef = 1EEAD2AD24DE914A00C24E39 /* FilterBar.m */; };
		1EEAD2B324DE916600C24E39 /* kunkun.jpg in Resources */ = {isa = PBXBuildFile; fileRef = 1EEAD2B224DE916600C24E39 /* kunkun.jpg */; };
/* End PBXBuildFile section */

/* Begin PBXFileReference section */
		1EEAD25D24DE910A00C24E39 /* SplitScreenFilter.app */ = {isa = PBXFileReference; explicitFileType = wrapper.application; includeInIndex = 0; path = SplitScreenFilter.app; sourceTree = BUILT_PRODUCTS_DIR; };
		1EEAD26024DE910A00C24E39 /* AppDelegate.h */ = {isa = PBXFileReference; lastKnownFileType = sourcecode.c.h; path = AppDelegate.h; sourceTree = "<group>"; };
		1EEAD26124DE910A00C24E39 /* AppDelegate.m */ = {isa = PBXFileReference; lastKnownFileType = sourcecode.c.objc; path = AppDelegate.m; sourceTree = "<group>"; };
		1EEAD26324DE910A00C24E39 /* SceneDelegate.h */ = {isa = PBXFileReference; lastKnownFileType = sourcecode.c.h; path = SceneDelegate.h; sourceTree = "<group>"; };
		1EEAD26424DE910A00C24E39 /* SceneDelegate.m */ = {isa = PBXFileReference; lastKnownFileType = sourcecode.c.objc; path = SceneDelegate.m; sourceTree = "<group>"; };
		1EEAD26624DE910A00C24E39 /* ViewController.h */ = {isa = PBXFileReference; lastKnownFileType = sourcecode.c.h; path = ViewController.h; sourceTree = "<group>"; };
		1EEAD26724DE910A00C24E39 /* ViewController.m */ = {isa = PBXFileReference; lastKnownFileType = sourcecode.c.objc; path = ViewController.m; sourceTree = "<group>"; };
		1EEAD26A24DE910A00C24E39 /* Base */ = {isa = PBXFileReference; lastKnownFileType = file.storyboard; name = Base; path = Base.lproj/Main.storyboard; sourceTree = "<group>"; };
		1EEAD26C24DE910C00C24E39 /* Assets.xcassets */ = {isa = PBXFileReference; lastKnownFileType = folder.assetcatalog; path = Assets.xcassets; sourceTree = "<group>"; };
		1EEAD26F24DE910C00C24E39 /* Base */ = {isa = PBXFileReference; lastKnownFileType = file.storyboard; name = Base; path = Base.lproj/LaunchScreen.storyboard; sourceTree = "<group>"; };
		1EEAD27124DE910C00C24E39 /* Info.plist */ = {isa = PBXFileReference; lastKnownFileType = text.plist.xml; path = Info.plist; sourceTree = "<group>"; };
		1EEAD27224DE910C00C24E39 /* main.m */ = {isa = PBXFileReference; lastKnownFileType = sourcecode.c.objc; path = main.m; sourceTree = "<group>"; };
		1EEAD28E24DE913200C24E39 /* SplitScreen_6.fsh */ = {isa = PBXFileReference; fileEncoding = 4; lastKnownFileType = sourcecode.glsl; path = SplitScreen_6.fsh; sourceTree = "<group>"; };
		1EEAD28F24DE913200C24E39 /* SplitScreen_6.vsh */ = {isa = PBXFileReference; fileEncoding = 4; lastKnownFileType = sourcecode.glsl; path = SplitScreen_6.vsh; sourceTree = "<group>"; };
		1EEAD29124DE913200C24E39 /* SplitScreen_9.vsh */ = {isa = PBXFileReference; fileEncoding = 4; lastKnownFileType = sourcecode.glsl; path = SplitScreen_9.vsh; sourceTree = "<group>"; };
		1EEAD29224DE913200C24E39 /* SplitScreen_9.fsh */ = {isa = PBXFileReference; fileEncoding = 4; lastKnownFileType = sourcecode.glsl; path = SplitScreen_9.fsh; sourceTree = "<group>"; };
		1EEAD29424DE913200C24E39 /* SplitScreen_2.fsh */ = {isa = PBXFileReference; fileEncoding = 4; lastKnownFileType = sourcecode.glsl; path = SplitScreen_2.fsh; sourceTree = "<group>"; };
		1EEAD29524DE913200C24E39 /* SplitScreen_2.vsh */ = {isa = PBXFileReference; fileEncoding = 4; lastKnownFileType = sourcecode.glsl; path = SplitScreen_2.vsh; sourceTree = "<group>"; };
		1EEAD29724DE913200C24E39 /* Normal.fsh */ = {isa = PBXFileReference; fileEncoding = 4; lastKnownFileType = sourcecode.glsl; path = Normal.fsh; sourceTree = "<group>"; };
		1EEAD29824DE913200C24E39 /* Normal.vsh */ = {isa = PBXFileReference; fileEncoding = 4; lastKnownFileType = sourcecode.glsl; path = Normal.vsh; sourceTree = "<group>"; };
		1EEAD29A24DE913200C24E39 /* SplitScreen_4.fsh */ = {isa = PBXFileReference; fileEncoding = 4; lastKnownFileType = sourcecode.glsl; path = SplitScreen_4.fsh; sourceTree = "<group>"; };
		1EEAD29B24DE913200C24E39 /* SplitScreen_4.vsh */ = {isa = PBXFileReference; fileEncoding = 4; lastKnownFileType = sourcecode.glsl; path = SplitScreen_4.vsh; sourceTree = "<group>"; };
		1EEAD29D24DE913200C24E39 /* SplitScreen_3.fsh */ = {isa = PBXFileReference; fileEncoding = 4; lastKnownFileType = sourcecode.glsl; path = SplitScreen_3.fsh; sourceTree = "<group>"; };
		1EEAD29E24DE913200C24E39 /* SplitScreen_3.vsh */ = {isa = PBXFileReference; fileEncoding = 4; lastKnownFileType = sourcecode.glsl; path = SplitScreen_3.vsh; sourceTree = "<group>"; };
		1EEAD2AC24DE914A00C24E39 /* FilterBarCell.m */ = {isa = PBXFileReference; fileEncoding = 4; lastKnownFileType = sourcecode.c.objc; path = FilterBarCell.m; sourceTree = "<group>"; };
		1EEAD2AD24DE914A00C24E39 /* FilterBar.m */ = {isa = PBXFileReference; fileEncoding = 4; lastKnownFileType = sourcecode.c.objc; path = FilterBar.m; sourceTree = "<group>"; };
		1EEAD2AE24DE914A00C24E39 /* FilterBarCell.h */ = {isa = PBXFileReference; fileEncoding = 4; lastKnownFileType = sourcecode.c.h; path = FilterBarCell.h; sourceTree = "<group>"; };
		1EEAD2AF24DE914A00C24E39 /* FilterBar.h */ = {isa = PBXFileReference; fileEncoding = 4; lastKnownFileType = sourcecode.c.h; path = FilterBar.h; sourceTree = "<group>"; };
		1EEAD2B224DE916600C24E39 /* kunkun.jpg */ = {isa = PBXFileReference; lastKnownFileType = image.jpeg; path = kunkun.jpg; sourceTree = "<group>"; };
/* End PBXFileReference section */

/* Begin PBXFrameworksBuildPhase section */
		1EEAD25A24DE910A00C24E39 /* Frameworks */ = {
			isa = PBXFrameworksBuildPhase;
			buildActionMask = 2147483647;
			files = (
			);
			runOnlyForDeploymentPostprocessing = 0;
		};
/* End PBXFrameworksBuildPhase section */

/* Begin PBXGroup section */
		1EEAD25424DE910A00C24E39 = {
			isa = PBXGroup;
			children = (
				1EEAD25F24DE910A00C24E39 /* SplitScreenFilter */,
				1EEAD25E24DE910A00C24E39 /* Products */,
			);
			sourceTree = "<group>";
		};
		1EEAD25E24DE910A00C24E39 /* Products */ = {
			isa = PBXGroup;
			children = (
				1EEAD25D24DE910A00C24E39 /* SplitScreenFilter.app */,
			);
			name = Products;
			sourceTree = "<group>";
		};
		1EEAD25F24DE910A00C24E39 /* SplitScreenFilter */ = {
			isa = PBXGroup;
			children = (
				1EEAD28C24DE913200C24E39 /* Filter */,
				1EEAD2AB24DE914A00C24E39 /* Tool */,
				1EEAD26024DE910A00C24E39 /* AppDelegate.h */,
				1EEAD26124DE910A00C24E39 /* AppDelegate.m */,
				1EEAD26324DE910A00C24E39 /* SceneDelegate.h */,
				1EEAD26424DE910A00C24E39 /* SceneDelegate.m */,
				1EEAD26624DE910A00C24E39 /* ViewController.h */,
				1EEAD26724DE910A00C24E39 /* ViewController.m */,
				1EEAD26924DE910A00C24E39 /* Main.storyboard */,
				1EEAD2B224DE916600C24E39 /* kunkun.jpg */,
				1EEAD26C24DE910C00C24E39 /* Assets.xcassets */,
				1EEAD26E24DE910C00C24E39 /* LaunchScreen.storyboard */,
				1EEAD27124DE910C00C24E39 /* Info.plist */,
				1EEAD27224DE910C00C24E39 /* main.m */,
			);
			path = SplitScreenFilter;
			sourceTree = "<group>";
		};
		1EEAD28C24DE913200C24E39 /* Filter */ = {
			isa = PBXGroup;
			children = (
				1EEAD29624DE913200C24E39 /* normal */,
				1EEAD29324DE913200C24E39 /* SplitScreen_2 */,
				1EEAD29C24DE913200C24E39 /* SplitScreen_3 */,
				1EEAD29924DE913200C24E39 /* SplitScreen_4 */,
				1EEAD28D24DE913200C24E39 /* SplitScreen_6 */,
				1EEAD29024DE913200C24E39 /* SplitScreen_9 */,
			);
			path = Filter;
			sourceTree = "<group>";
		};
		1EEAD28D24DE913200C24E39 /* SplitScreen_6 */ = {
			isa = PBXGroup;
			children = (
				1EEAD28E24DE913200C24E39 /* SplitScreen_6.fsh */,
				1EEAD28F24DE913200C24E39 /* SplitScreen_6.vsh */,
			);
			path = SplitScreen_6;
			sourceTree = "<group>";
		};
		1EEAD29024DE913200C24E39 /* SplitScreen_9 */ = {
			isa = PBXGroup;
			children = (
				1EEAD29124DE913200C24E39 /* SplitScreen_9.vsh */,
				1EEAD29224DE913200C24E39 /* SplitScreen_9.fsh */,
			);
			path = SplitScreen_9;
			sourceTree = "<group>";
		};
		1EEAD29324DE913200C24E39 /* SplitScreen_2 */ = {
			isa = PBXGroup;
			children = (
				1EEAD29424DE913200C24E39 /* SplitScreen_2.fsh */,
				1EEAD29524DE913200C24E39 /* SplitScreen_2.vsh */,
			);
			path = SplitScreen_2;
			sourceTree = "<group>";
		};
		1EEAD29624DE913200C24E39 /* normal */ = {
			isa = PBXGroup;
			children = (
				1EEAD29724DE913200C24E39 /* Normal.fsh */,
				1EEAD29824DE913200C24E39 /* Normal.vsh */,
			);
			path = normal;
			sourceTree = "<group>";
		};
		1EEAD29924DE913200C24E39 /* SplitScreen_4 */ = {
			isa = PBXGroup;
			children = (
				1EEAD29A24DE913200C24E39 /* SplitScreen_4.fsh */,
				1EEAD29B24DE913200C24E39 /* SplitScreen_4.vsh */,
			);
			path = SplitScreen_4;
			sourceTree = "<group>";
		};
		1EEAD29C24DE913200C24E39 /* SplitScreen_3 */ = {
			isa = PBXGroup;
			children = (
				1EEAD29D24DE913200C24E39 /* SplitScreen_3.fsh */,
				1EEAD29E24DE913200C24E39 /* SplitScreen_3.vsh */,
			);
			path = SplitScreen_3;
			sourceTree = "<group>";
		};
		1EEAD2AB24DE914A00C24E39 /* Tool */ = {
			isa = PBXGroup;
			children = (
				1EEAD2AC24DE914A00C24E39 /* FilterBarCell.m */,
				1EEAD2AD24DE914A00C24E39 /* FilterBar.m */,
				1EEAD2AE24DE914A00C24E39 /* FilterBarCell.h */,
				1EEAD2AF24DE914A00C24E39 /* FilterBar.h */,
			);
			path = Tool;
			sourceTree = "<group>";
		};
/* End PBXGroup section */

/* Begin PBXNativeTarget section */
		1EEAD25C24DE910A00C24E39 /* SplitScreenFilter */ = {
			isa = PBXNativeTarget;
			buildConfigurationList = 1EEAD27624DE910C00C24E39 /* Build configuration list for PBXNativeTarget "SplitScreenFilter" */;
			buildPhases = (
				1EEAD25924DE910A00C24E39 /* Sources */,
				1EEAD25A24DE910A00C24E39 /* Frameworks */,
				1EEAD25B24DE910A00C24E39 /* Resources */,
			);
			buildRules = (
			);
			dependencies = (
			);
			name = SplitScreenFilter;
			productName = SplitScreenFilter;
			productReference = 1EEAD25D24DE910A00C24E39 /* SplitScreenFilter.app */;
			productType = "com.apple.product-type.application";
		};
/* End PBXNativeTarget section */

/* Begin PBXProject section */
		1EEAD25524DE910A00C24E39 /* Project object */ = {
			isa = PBXProject;
			attributes = {
				LastUpgradeCheck = 1160;
				ORGANIZATIONNAME = "徐鹏飞";
				TargetAttributes = {
					1EEAD25C24DE910A00C24E39 = {
						CreatedOnToolsVersion = 11.6;
					};
				};
			};
			buildConfigurationList = 1EEAD25824DE910A00C24E39 /* Build configuration list for PBXProject "SplitScreenFilter" */;
			compatibilityVersion = "Xcode 9.3";
			developmentRegion = en;
			hasScannedForEncodings = 0;
			knownRegions = (
				en,
				Base,
			);
			mainGroup = 1EEAD25424DE910A00C24E39;
			productRefGroup = 1EEAD25E24DE910A00C24E39 /* Products */;
			projectDirPath = "";
			projectRoot = "";
			targets = (
				1EEAD25C24DE910A00C24E39 /* SplitScreenFilter */,
			);
		};
/* End PBXProject section */

/* Begin PBXResourcesBuildPhase section */
		1EEAD25B24DE910A00C24E39 /* Resources */ = {
			isa = PBXResourcesBuildPhase;
			buildActionMask = 2147483647;
			files = (
				1EEAD2A524DE913200C24E39 /* Normal.fsh in Resources */,
				1EEAD2AA24DE913200C24E39 /* SplitScreen_3.vsh in Resources */,
				1EEAD2A224DE913200C24E39 /* SplitScreen_9.fsh in Resources */,
				1EEAD2A424DE913200C24E39 /* SplitScreen_2.vsh in Resources */,
				1EEAD2A024DE913200C24E39 /* SplitScreen_6.vsh in Resources */,
				1EEAD2B324DE916600C24E39 /* kunkun.jpg in Resources */,
				1EEAD2A824DE913200C24E39 /* SplitScreen_4.vsh in Resources */,
				1EEAD27024DE910C00C24E39 /* LaunchScreen.storyboard in Resources */,
				1EEAD29F24DE913200C24E39 /* SplitScreen_6.fsh in Resources */,
				1EEAD26D24DE910C00C24E39 /* Assets.xcassets in Resources */,
				1EEAD2A724DE913200C24E39 /* SplitScreen_4.fsh in Resources */,
				1EEAD2A324DE913200C24E39 /* SplitScreen_2.fsh in Resources */,
				1EEAD2A924DE913200C24E39 /* SplitScreen_3.fsh in Resources */,
				1EEAD2A624DE913200C24E39 /* Normal.vsh in Resources */,
				1EEAD2A124DE913200C24E39 /* SplitScreen_9.vsh in Resources */,
				1EEAD26B24DE910A00C24E39 /* Main.storyboard in Resources */,
			);
			runOnlyForDeploymentPostprocessing = 0;
		};
/* End PBXResourcesBuildPhase section */

/* Begin PBXSourcesBuildPhase section */
		1EEAD25924DE910A00C24E39 /* Sources */ = {
			isa = PBXSourcesBuildPhase;
			buildActionMask = 2147483647;
			files = (
				1EEAD26824DE910A00C24E39 /* ViewController.m in Sources */,
				1EEAD26224DE910A00C24E39 /* AppDelegate.m in Sources */,
				1EEAD27324DE910C00C24E39 /* main.m in Sources */,
				1EEAD2B124DE914A00C24E39 /* FilterBar.m in Sources */,
				1EEAD2B024DE914A00C24E39 /* FilterBarCell.m in Sources */,
				1EEAD26524DE910A00C24E39 /* SceneDelegate.m in Sources */,
			);
			runOnlyForDeploymentPostprocessing = 0;
		};
/* End PBXSourcesBuildPhase section */

/* Begin PBXVariantGroup section */
		1EEAD26924DE910A00C24E39 /* Main.storyboard */ = {
			isa = PBXVariantGroup;
			children = (
				1EEAD26A24DE910A00C24E39 /* Base */,
			);
			name = Main.storyboard;
			sourceTree = "<group>";
		};
		1EEAD26E24DE910C00C24E39 /* LaunchScreen.storyboard */ = {
			isa = PBXVariantGroup;
			children = (
				1EEAD26F24DE910C00C24E39 /* Base */,
			);
			name = LaunchScreen.storyboard;
			sourceTree = "<group>";
		};
/* End PBXVariantGroup section */

/* Begin XCBuildConfiguration section */
		1EEAD27424DE910C00C24E39 /* Debug */ = {
			isa = XCBuildConfiguration;
			buildSettings = {
				ALWAYS_SEARCH_USER_PATHS = NO;
				CLANG_ANALYZER_NONNULL = YES;
				CLANG_ANALYZER_NUMBER_OBJECT_CONVERSION = YES_AGGRESSIVE;
				CLANG_CXX_LANGUAGE_STANDARD = "gnu++14";
				CLANG_CXX_LIBRARY = "libc++";
				CLANG_ENABLE_MODULES = YES;
				CLANG_ENABLE_OBJC_ARC = YES;
				CLANG_ENABLE_OBJC_WEAK = YES;
				CLANG_WARN_BLOCK_CAPTURE_AUTORELEASING = YES;
				CLANG_WARN_BOOL_CONVERSION = YES;
				CLANG_WARN_COMMA = YES;
				CLANG_WARN_CONSTANT_CONVERSION = YES;
				CLANG_WARN_DEPRECATED_OBJC_IMPLEMENTATIONS = YES;
				CLANG_WARN_DIRECT_OBJC_ISA_USAGE = YES_ERROR;
				CLANG_WARN_DOCUMENTATION_COMMENTS = YES;
				CLANG_WARN_EMPTY_BODY = YES;
				CLANG_WARN_ENUM_CONVERSION = YES;
				CLANG_WARN_INFINITE_RECURSION = YES;
				CLANG_WARN_INT_CONVERSION = YES;
				CLANG_WARN_NON_LITERAL_NULL_CONVERSION = YES;
				CLANG_WARN_OBJC_IMPLICIT_RETAIN_SELF = YES;
				CLANG_WARN_OBJC_LITERAL_CONVERSION = YES;
				CLANG_WARN_OBJC_ROOT_CLASS = YES_ERROR;
				CLANG_WARN_RANGE_LOOP_ANALYSIS = YES;
				CLANG_WARN_STRICT_PROTOTYPES = YES;
				CLANG_WARN_SUSPICIOUS_MOVE = YES;
				CLANG_WARN_UNGUARDED_AVAILABILITY = YES_AGGRESSIVE;
				CLANG_WARN_UNREACHABLE_CODE = YES;
				CLANG_WARN__DUPLICATE_METHOD_MATCH = YES;
				COPY_PHASE_STRIP = NO;
				DEBUG_INFORMATION_FORMAT = dwarf;
				ENABLE_STRICT_OBJC_MSGSEND = YES;
				ENABLE_TESTABILITY = YES;
				GCC_C_LANGUAGE_STANDARD = gnu11;
				GCC_DYNAMIC_NO_PIC = NO;
				GCC_NO_COMMON_BLOCKS = YES;
				GCC_OPTIMIZATION_LEVEL = 0;
				GCC_PREPROCESSOR_DEFINITIONS = (
					"DEBUG=1",
					"$(inherited)",
				);
				GCC_WARN_64_TO_32_BIT_CONVERSION = YES;
				GCC_WARN_ABOUT_RETURN_TYPE = YES_ERROR;
				GCC_WARN_UNDECLARED_SELECTOR = YES;
				GCC_WARN_UNINITIALIZED_AUTOS = YES_AGGRESSIVE;
				GCC_WARN_UNUSED_FUNCTION = YES;
				GCC_WARN_UNUSED_VARIABLE = YES;
				IPHONEOS_DEPLOYMENT_TARGET = 13.6;
				MTL_ENABLE_DEBUG_INFO = INCLUDE_SOURCE;
				MTL_FAST_MATH = YES;
				ONLY_ACTIVE_ARCH = YES;
				SDKROOT = iphoneos;
			};
			name = Debug;
		};
		1EEAD27524DE910C00C24E39 /* Release */ = {
			isa = XCBuildConfiguration;
			buildSettings = {
				ALWAYS_SEARCH_USER_PATHS = NO;
				CLANG_ANALYZER_NONNULL = YES;
				CLANG_ANALYZER_NUMBER_OBJECT_CONVERSION = YES_AGGRESSIVE;
				CLANG_CXX_LANGUAGE_STANDARD = "gnu++14";
				CLANG_CXX_LIBRARY = "libc++";
				CLANG_ENABLE_MODULES = YES;
				CLANG_ENABLE_OBJC_ARC = YES;
				CLANG_ENABLE_OBJC_WEAK = YES;
				CLANG_WARN_BLOCK_CAPTURE_AUTORELEASING = YES;
				CLANG_WARN_BOOL_CONVERSION = YES;
				CLANG_WARN_COMMA = YES;
				CLANG_WARN_CONSTANT_CONVERSION = YES;
				CLANG_WARN_DEPRECATED_OBJC_IMPLEMENTATIONS = YES;
				CLANG_WARN_DIRECT_OBJC_ISA_USAGE = YES_ERROR;
				CLANG_WARN_DOCUMENTATION_COMMENTS = YES;
				CLANG_WARN_EMPTY_BODY = YES;
				CLANG_WARN_ENUM_CONVERSION = YES;
				CLANG_WARN_INFINITE_RECURSION = YES;
				CLANG_WARN_INT_CONVERSION = YES;
				CLANG_WARN_NON_LITERAL_NULL_CONVERSION = YES;
				CLANG_WARN_OBJC_IMPLICIT_RETAIN_SELF = YES;
				CLANG_WARN_OBJC_LITERAL_CONVERSION = YES;
				CLANG_WARN_OBJC_ROOT_CLASS = YES_ERROR;
				CLANG_WARN_RANGE_LOOP_ANALYSIS = YES;
				CLANG_WARN_STRICT_PROTOTYPES = YES;
				CLANG_WARN_SUSPICIOUS_MOVE = YES;
				CLANG_WARN_UNGUARDED_AVAILABILITY = YES_AGGRESSIVE;
				CLANG_WARN_UNREACHABLE_CODE = YES;
				CLANG_WARN__DUPLICATE_METHOD_MATCH = YES;
				COPY_PHASE_STRIP = NO;
				DEBUG_INFORMATION_FORMAT = "dwarf-with-dsym";
				ENABLE_NS_ASSERTIONS = NO;
				ENABLE_STRICT_OBJC_MSGSEND = YES;
				GCC_C_LANGUAGE_STANDARD = gnu11;
				GCC_NO_COMMON_BLOCKS = YES;
				GCC_WARN_64_TO_32_BIT_CONVERSION = YES;
				GCC_WARN_ABOUT_RETURN_TYPE = YES_ERROR;
				GCC_WARN_UNDECLARED_SELECTOR = YES;
				GCC_WARN_UNINITIALIZED_AUTOS = YES_AGGRESSIVE;
				GCC_WARN_UNUSED_FUNCTION = YES;
				GCC_WARN_UNUSED_VARIABLE = YES;
				IPHONEOS_DEPLOYMENT_TARGET = 13.6;
				MTL_ENABLE_DEBUG_INFO = NO;
				MTL_FAST_MATH = YES;
				SDKROOT = iphoneos;
				VALIDATE_PRODUCT = YES;
			};
			name = Release;
		};
		1EEAD27724DE910C00C24E39 /* Debug */ = {
			isa = XCBuildConfiguration;
			buildSettings = {
				ASSETCATALOG_COMPILER_APPICON_NAME = AppIcon;
				CODE_SIGN_STYLE = Automatic;
				DEVELOPMENT_TEAM = M76UU94DSZ;
				INFOPLIST_FILE = SplitScreenFilter/Info.plist;
				LD_RUNPATH_SEARCH_PATHS = (
					"$(inherited)",
					"@executable_path/Frameworks",
				);
				PRODUCT_BUNDLE_IDENTIFIER = com.thtf.lora.SplitScreenFilter;
				PRODUCT_NAME = "$(TARGET_NAME)";
				TARGETED_DEVICE_FAMILY = "1,2";
			};
			name = Debug;
		};
		1EEAD27824DE910C00C24E39 /* Release */ = {
			isa = XCBuildConfiguration;
			buildSettings = {
				ASSETCATALOG_COMPILER_APPICON_NAME = AppIcon;
				CODE_SIGN_STYLE = Automatic;
				DEVELOPMENT_TEAM = M76UU94DSZ;
				INFOPLIST_FILE = SplitScreenFilter/Info.plist;
				LD_RUNPATH_SEARCH_PATHS = (
					"$(inherited)",
					"@executable_path/Frameworks",
				);
				PRODUCT_BUNDLE_IDENTIFIER = com.thtf.lora.SplitScreenFilter;
				PRODUCT_NAME = "$(TARGET_NAME)";
				TARGETED_DEVICE_FAMILY = "1,2";
			};
			name = Release;
		};
/* End XCBuildConfiguration section */

/* Begin XCConfigurationList section */
		1EEAD25824DE910A00C24E39 /* Build configuration list for PBXProject "SplitScreenFilter" */ = {
			isa = XCConfigurationList;
			buildConfigurations = (
				1EEAD27424DE910C00C24E39 /* Debug */,
				1EEAD27524DE910C00C24E39 /* Release */,
			);
			defaultConfigurationIsVisible = 0;
			defaultConfigurationName = Release;
		};
		1EEAD27624DE910C00C24E39 /* Build configuration list for PBXNativeTarget "SplitScreenFilter" */ = {
			isa = XCConfigurationList;
			buildConfigurations = (
				1EEAD27724DE910C00C24E39 /* Debug */,
				1EEAD27824DE910C00C24E39 /* Release */,
			);
			defaultConfigurationIsVisible = 0;
			defaultConfigurationName = Release;
		};
/* End XCConfigurationList section */
	};
	rootObject = 1EEAD25524DE910A00C24E39 /* Project object */;
}
